github.com/davecgh/go-spew v1.1.1 h1:vj9j/u1bqnvCEfJOwUhtlOARqs3+rkHYY13jYWTU97c=
github.com/davecgh/go-spew v1.1.1/go.mod h1:J7Y8YcW2NihsgmVo/mv3lAwl/skON4iLHjSsI+c5H38=
github.com/harish876/go-tree-sitter v0.0.0-20240525064629-126da99ee2ab h1:fLS8ki4eUaOzIz+kf9Y/tJMzMlUyt37MtV3g68QdphA=
github.com/harish876/go-tree-sitter v0.0.0-20240525064629-126da99ee2ab/go.mod h1:+4Tw/n8w/ZHQ2UiOoEo8As1Y9AOnRWu+3EkaovID77o=
github.com/harish876/go-tree-sitter v0.0.1 h1:c9ZCiiK2K+pbGRYADMydJVtqLkz8+HpJMSyPuypCs0Q=
github.com/harish876/go-tree-sitter v0.0.1/go.mod h1:+4Tw/n8w/ZHQ2UiOoEo8As1Y9AOnRWu+3EkaovID77o=
github.com/pmezard/go-difflib v1.0.0 h1:4DBwDE0NGyQoBHbLQYPwSUPoCMWR5BEzIk/f1lZbAQM=
github.com/pmezard/go-difflib v1.0.0/go.mod h1:iKH77koFhYxTK1pcRnkKkqfTogsbg7gZNVY4sRDYZ/4=
github.com/stretchr/testify v1.7.4 h1:wZRexSlwd7ZXfKINDLsO4r7WBt3gTKONc6K/VesHvHM=
github.com/stretchr/testify v1.7.4/go.mod h1:yNjHg4UonilssWZ8iaSj1OCr/vHnekPRkoO+kdMU+MU=
gopkg.in/yaml.v3 v3.0.1 h1:fxVm/GzAzEWqLHuvctI91KS9hhNmmWOoWu0XTYJS7CA=
gopkg.in/yaml.v3 v3.0.1/go.mod h1:K4uyk7z7BCEPqu6E+C64Yfv1cQ7kz7rIZviUmN+EgEM=
